
Microsoft Visual Studio Solution File, Format Version 12.00
# Visual Studio Version 17
VisualStudioVersion = 17.5.2.0
MinimumVisualStudioVersion = 10.0.40219.1
Project("{2150E333-8FDC-42A3-9474-1A3956D46DE8}") = "Lql", "Lql", "{54B846BA-A27D-B76F-8730-402A5742FF43}"
EndProject
Project("{FAE04EC0-301F-11D3-BF4B-00C04F79EFBC}") = "Lql", "Lql\Lql\Lql.csproj", "{6A15D05D-A3F0-41C7-BCDC-A1A5390CD181}"
EndProject
Project("{FAE04EC0-301F-11D3-BF4B-00C04F79EFBC}") = "Lql.SQLite", "Lql\Lql.SQLite\Lql.SQLite.csproj", "{903D712A-27E0-4615-AB93-16083E5B3E3A}"
EndProject
Project("{FAE04EC0-301F-11D3-BF4B-00C04F79EFBC}") = "Lql.SqlServer", "Lql\Lql.SqlServer\Lql.SqlServer.csproj", "{AD717205-C676-4DF9-8095-4583BA342515}"
EndProject
Project("{FAE04EC0-301F-11D3-BF4B-00C04F79EFBC}") = "Lql.Tests", "Lql\Lql.Tests\Lql.Tests.csproj", "{707C273D-CCC9-4CF3-B234-F54B2AB3D178}"
EndProject
Project("{FAE04EC0-301F-11D3-BF4B-00C04F79EFBC}") = "LqlCli.SQLite.Tests", "Lql\LqlCli.SQLite.Tests\LqlCli.SQLite.Tests.csproj", "{DC406D52-3A4B-4632-AD67-462875C067D3}"
EndProject
Project("{FAE04EC0-301F-11D3-BF4B-00C04F79EFBC}") = "Lql.Postgres", "Lql\Lql.Postgres\Lql.Postgres.csproj", "{9DF737C9-6EE5-4255-85C9-65337350DFDD}"
EndProject
Project("{2150E333-8FDC-42A3-9474-1A3956D46DE8}") = "DataProvider", "DataProvider", "{43BAF0A3-C050-BE83-B489-7FC6F9FDE235}"
EndProject
Project("{FAE04EC0-301F-11D3-BF4B-00C04F79EFBC}") = "DataProvider", "DataProvider\DataProvider\DataProvider.csproj", "{7D4F4EC0-C221-4BC9-8F8C-77BD4A3D39AA}"
EndProject
Project("{FAE04EC0-301F-11D3-BF4B-00C04F79EFBC}") = "DataProvider.Tests", "DataProvider\DataProvider.Tests\DataProvider.Tests.csproj", "{C1F8DBEE-EBA0-4C58-B7C1-F4BCC8E6674D}"
EndProject
Project("{FAE04EC0-301F-11D3-BF4B-00C04F79EFBC}") = "DataProvider.SQLite.Cli", "DataProvider\DataProvider.SQLite.Cli\DataProvider.SQLite.Cli.csproj", "{2B1441F1-4429-487C-9D0A-FC65B64BF43E}"
EndProject
Project("{FAE04EC0-301F-11D3-BF4B-00C04F79EFBC}") = "DataProvider.SQLite", "DataProvider\DataProvider.SQLite\DataProvider.SQLite.csproj", "{A7EC2050-FE5E-4BBD-AF5F-7F07D3688118}"
EndProject
Project("{FAE04EC0-301F-11D3-BF4B-00C04F79EFBC}") = "DataProvider.Example.Tests", "DataProvider\DataProvider.Example.Tests\DataProvider.Example.Tests.csproj", "{16FA9B36-CB2A-4B79-A3BE-937C94BF03F8}"
EndProject
Project("{FAE04EC0-301F-11D3-BF4B-00C04F79EFBC}") = "DataProvider.Example", "DataProvider\DataProvider.Example\DataProvider.Example.csproj", "{EA9A0385-249F-4141-AD03-D67649110A84}"
EndProject
Project("{FAE04EC0-301F-11D3-BF4B-00C04F79EFBC}") = "Lql.Browser", "Lql\Lql.Browser\Lql.Browser.csproj", "{1B5BAB33-4256-400B-A4F8-F318418A3548}"
EndProject
Project("{2150E333-8FDC-42A3-9474-1A3956D46DE8}") = "Sync", "Sync", "{5E63119C-E70B-5D45-ECC9-8CBACC584223}"
EndProject
Project("{FAE04EC0-301F-11D3-BF4B-00C04F79EFBC}") = "Sync", "Sync\Sync\Sync.csproj", "{C0B4116E-0635-4597-971D-6B70229FA30A}"
EndProject
Project("{FAE04EC0-301F-11D3-BF4B-00C04F79EFBC}") = "Sync.SQLite", "Sync\Sync.SQLite\Sync.SQLite.csproj", "{9B303409-0052-45B9-8616-CC1ED80A5595}"
EndProject
Project("{FAE04EC0-301F-11D3-BF4B-00C04F79EFBC}") = "Sync.Tests", "Sync\Sync.Tests\Sync.Tests.csproj", "{50CFDEC4-66C8-4330-8D5F-9D96A764378B}"
EndProject
Project("{FAE04EC0-301F-11D3-BF4B-00C04F79EFBC}") = "Sync.SQLite.Tests", "Sync\Sync.SQLite.Tests\Sync.SQLite.Tests.csproj", "{3522A6C5-6205-4C7D-B805-84847035A921}"
EndProject
Project("{FAE04EC0-301F-11D3-BF4B-00C04F79EFBC}") = "Sync.Http.Tests", "Sync\Sync.Http.Tests\Sync.Http.Tests.csproj", "{1EF92A45-C551-4B0F-9180-00E978DA499E}"
EndProject
Project("{FAE04EC0-301F-11D3-BF4B-00C04F79EFBC}") = "Sync.Postgres", "Sync\Sync.Postgres\Sync.Postgres.csproj", "{FC26C0FB-162E-4B4F-8561-9A688F4B42D2}"
EndProject
Project("{FAE04EC0-301F-11D3-BF4B-00C04F79EFBC}") = "Sync.Postgres.Tests", "Sync\Sync.Postgres.Tests\Sync.Postgres.Tests.csproj", "{D295DE84-3797-46B4-812E-E56FB629A341}"
EndProject
Project("{FAE04EC0-301F-11D3-BF4B-00C04F79EFBC}") = "Sync.Integration.Tests", "Sync\Sync.Integration.Tests\Sync.Integration.Tests.csproj", "{1ACC151C-A655-472F-9177-996410A41665}"
EndProject
Project("{2150E333-8FDC-42A3-9474-1A3956D46DE8}") = "Migration", "Migration", "{C7F49633-8D5E-7E19-1580-A6459B2EAE66}"
EndProject
Project("{FAE04EC0-301F-11D3-BF4B-00C04F79EFBC}") = "Migration", "Migration\Migration\Migration.csproj", "{5EB8D367-90CC-473F-8F89-B898D8F8BD43}"
EndProject
Project("{FAE04EC0-301F-11D3-BF4B-00C04F79EFBC}") = "Migration.SQLite", "Migration\Migration.SQLite\Migration.SQLite.csproj", "{99B714F6-43FE-46F6-A9B3-B362B8B8F87D}"
EndProject
Project("{FAE04EC0-301F-11D3-BF4B-00C04F79EFBC}") = "Migration.Postgres", "Migration\Migration.Postgres\Migration.Postgres.csproj", "{988EAF3A-7320-4630-AFDC-233AC33AAA65}"
EndProject
Project("{FAE04EC0-301F-11D3-BF4B-00C04F79EFBC}") = "Migration.Tests", "Migration\Migration.Tests\Migration.Tests.csproj", "{E23F2826-1857-4C3F-A90B-D4443DD84EFA}"
EndProject
Project("{2150E333-8FDC-42A3-9474-1A3956D46DE8}") = "Samples", "Samples", "{5D20AA90-6969-D8BD-9DCD-8634F4692FDA}"
EndProject
Project("{FAE04EC0-301F-11D3-BF4B-00C04F79EFBC}") = "Clinical.Api", "Samples\Clinical\Clinical.Api\Clinical.Api.csproj", "{D53426B7-469F-4FBB-9935-4AA3C303DE8D}"
EndProject
Project("{FAE04EC0-301F-11D3-BF4B-00C04F79EFBC}") = "Clinical.Sync", "Samples\Clinical\Clinical.Sync\Clinical.Sync.csproj", "{4189D963-E5AA-4782-AD78-72FBA9536B59}"
EndProject
Project("{FAE04EC0-301F-11D3-BF4B-00C04F79EFBC}") = "Scheduling.Api", "Samples\Scheduling\Scheduling.Api\Scheduling.Api.csproj", "{0F990389-7C88-4C7A-99F8-60E5243216FF}"
EndProject
Project("{FAE04EC0-301F-11D3-BF4B-00C04F79EFBC}") = "Scheduling.Sync", "Samples\Scheduling\Scheduling.Sync\Scheduling.Sync.csproj", "{7782890E-712E-4658-8BF2-0DC5794A87AC}"
EndProject
Project("{FAE04EC0-301F-11D3-BF4B-00C04F79EFBC}") = "Dashboard.Web", "Samples\Dashboard\Dashboard.Web\Dashboard.Web.csproj", "{B4D83D1B-D454-499D-9775-F1FA1F50A4C5}"
EndProject
Project("{FAE04EC0-301F-11D3-BF4B-00C04F79EFBC}") = "Dashboard.Web.Tests", "Samples\Dashboard\Dashboard.Web.Tests\Dashboard.Web.Tests.csproj", "{FFD87B38-0A7B-47AA-AD31-F76CB9ED15DB}"
EndProject
Project("{FAE04EC0-301F-11D3-BF4B-00C04F79EFBC}") = "Clinical.Api.Tests", "Samples\Clinical\Clinical.Api.Tests\Clinical.Api.Tests.csproj", "{8131E980-CA39-4BAD-9ADE-34E6597BD00F}"
EndProject
Project("{FAE04EC0-301F-11D3-BF4B-00C04F79EFBC}") = "Scheduling.Api.Tests", "Samples\Scheduling\Scheduling.Api.Tests\Scheduling.Api.Tests.csproj", "{C23F467D-B5F1-400D-9EEA-96E3F467BAB7}"
EndProject
Project("{2150E333-8FDC-42A3-9474-1A3956D46DE8}") = "Dashboard", "Dashboard", "{B03CA193-C175-FB88-B41C-CBBC0E037C7E}"
EndProject
Project("{FAE04EC0-301F-11D3-BF4B-00C04F79EFBC}") = "Dashboard.Web.Tests.Runner", "Samples\Dashboard\Dashboard.Web.Tests.Runner\Dashboard.Web.Tests.Runner.csproj", "{9FD2FBE2-7210-4977-94F6-4B30A5A2BEB7}"
EndProject
Project("{2150E333-8FDC-42A3-9474-1A3956D46DE8}") = "Misc", "Misc", "{C841F5C2-8F30-5BE9-ECA6-260644CF6F9F}"
EndProject
Project("{FAE04EC0-301F-11D3-BF4B-00C04F79EFBC}") = "Selecta", "Other\Selecta\Selecta.csproj", "{BE9AC443-C15D-4962-A8D2-0CCD328E6B68}"
EndProject
Project("{FAE04EC0-301F-11D3-BF4B-00C04F79EFBC}") = "Sync.Http", "Sync\Sync.Http\Sync.Http.csproj", "{392C12C2-ECBA-4728-9D8D-54BD2E10F7ED}"
EndProject
Project("{FAE04EC0-301F-11D3-BF4B-00C04F79EFBC}") = "Dashboard.Integration.Tests", "Samples\Dashboard\Dashboard.Integration.Tests\Dashboard.Integration.Tests.csproj", "{83E43658-7186-4E8B-AFD0-BDE5DB7BFB58}"
EndProject
Project("{2150E333-8FDC-42A3-9474-1A3956D46DE8}") = "Gatekeeper", "Gatekeeper", "{048F5F03-6DDC-C04F-70D5-B8139DC8E373}"
EndProject
Project("{FAE04EC0-301F-11D3-BF4B-00C04F79EFBC}") = "Gatekeeper.Api", "Gatekeeper\Gatekeeper.Api\Gatekeeper.Api.csproj", "{4EB6CC28-7D1B-4E39-80F2-84CA4494AF23}"
EndProject
Project("{FAE04EC0-301F-11D3-BF4B-00C04F79EFBC}") = "Gatekeeper.Api.Tests", "Gatekeeper\Gatekeeper.Api.Tests\Gatekeeper.Api.Tests.csproj", "{2FD305AC-927E-4D24-9FA6-923C30E4E4A8}"
EndProject
Project("{FAE04EC0-301F-11D3-BF4B-00C04F79EFBC}") = "Migration.Cli", "Migration\Migration.Cli\Migration.Cli.csproj", "{57572A45-33CD-4928-9C30-13480AEDB313}"
EndProject
Project("{FAE04EC0-301F-11D3-BF4B-00C04F79EFBC}") = "DataProvider.Example.Migrations", "DataProvider\DataProvider.Example.Migrations\DataProvider.Example.Migrations.csproj", "{DF02A3D5-39AA-4CA6-8E00-9012929C2626}"
EndProject
Project("{FAE04EC0-301F-11D3-BF4B-00C04F79EFBC}") = "DataProvider.Postgres.Cli", "DataProvider\DataProvider.Postgres.Cli\DataProvider.Postgres.Cli.csproj", "{A8A70E6D-1D43-437F-9971-44A4FA1BDD74}"
EndProject
Project("{FAE04EC0-301F-11D3-BF4B-00C04F79EFBC}") = "Schema.Export.Cli", "Migration\Schema.Export.Cli\Schema.Export.Cli.csproj", "{0858FE19-C59B-4A77-B76E-7053E8AFCC8D}"
EndProject
Project("{FAE04EC0-301F-11D3-BF4B-00C04F79EFBC}") = "Clinical.Migrations", "Samples\Clinical\Clinical.Migrations\Clinical.Migrations.csproj", "{DE7723AF-848B-4756-9A3A-4EE1659783CE}"
EndProject
Project("{FAE04EC0-301F-11D3-BF4B-00C04F79EFBC}") = "Scheduling.Migrations", "Samples\Scheduling\Scheduling.Migrations\Scheduling.Migrations.csproj", "{91E5EBF3-DEC2-4BDB-A20E-EFAAF022F404}"
EndProject
Project("{FAE04EC0-301F-11D3-BF4B-00C04F79EFBC}") = "Authorization", "Samples\Shared\Authorization\Authorization.csproj", "{CA395494-F072-4A5B-9DD4-950530A69E0E}"
EndProject
Project("{FAE04EC0-301F-11D3-BF4B-00C04F79EFBC}") = "LqlCli.SQLite", "Lql\LqlCli.SQLite\LqlCli.SQLite.csproj", "{1AE87774-E914-40BC-95BA-56FB45D78C0D}"
EndProject
Project("{FAE04EC0-301F-11D3-BF4B-00C04F79EFBC}") = "LqlWebsite", "Lql\LqlWebsite\LqlWebsite.csproj", "{6AB2EA96-4A75-49DB-AC65-B247BBFAE9A3}"
EndProject
Global
	GlobalSection(SolutionConfigurationPlatforms) = preSolution
		Debug|Any CPU = Debug|Any CPU
		Debug|x64 = Debug|x64
		Debug|x86 = Debug|x86
		Release|Any CPU = Release|Any CPU
		Release|x64 = Release|x64
		Release|x86 = Release|x86
	EndGlobalSection
	GlobalSection(ProjectConfigurationPlatforms) = postSolution
		{6A15D05D-A3F0-41C7-BCDC-A1A5390CD181}.Debug|Any CPU.ActiveCfg = Debug|Any CPU
		{6A15D05D-A3F0-41C7-BCDC-A1A5390CD181}.Debug|Any CPU.Build.0 = Debug|Any CPU
		{6A15D05D-A3F0-41C7-BCDC-A1A5390CD181}.Debug|x64.ActiveCfg = Debug|Any CPU
		{6A15D05D-A3F0-41C7-BCDC-A1A5390CD181}.Debug|x64.Build.0 = Debug|Any CPU
		{6A15D05D-A3F0-41C7-BCDC-A1A5390CD181}.Debug|x86.ActiveCfg = Debug|Any CPU
		{6A15D05D-A3F0-41C7-BCDC-A1A5390CD181}.Debug|x86.Build.0 = Debug|Any CPU
		{6A15D05D-A3F0-41C7-BCDC-A1A5390CD181}.Release|Any CPU.ActiveCfg = Release|Any CPU
		{6A15D05D-A3F0-41C7-BCDC-A1A5390CD181}.Release|Any CPU.Build.0 = Release|Any CPU
		{6A15D05D-A3F0-41C7-BCDC-A1A5390CD181}.Release|x64.ActiveCfg = Release|Any CPU
		{6A15D05D-A3F0-41C7-BCDC-A1A5390CD181}.Release|x64.Build.0 = Release|Any CPU
		{6A15D05D-A3F0-41C7-BCDC-A1A5390CD181}.Release|x86.ActiveCfg = Release|Any CPU
		{6A15D05D-A3F0-41C7-BCDC-A1A5390CD181}.Release|x86.Build.0 = Release|Any CPU
		{903D712A-27E0-4615-AB93-16083E5B3E3A}.Debug|Any CPU.ActiveCfg = Debug|Any CPU
		{903D712A-27E0-4615-AB93-16083E5B3E3A}.Debug|Any CPU.Build.0 = Debug|Any CPU
		{903D712A-27E0-4615-AB93-16083E5B3E3A}.Debug|x64.ActiveCfg = Debug|Any CPU
		{903D712A-27E0-4615-AB93-16083E5B3E3A}.Debug|x64.Build.0 = Debug|Any CPU
		{903D712A-27E0-4615-AB93-16083E5B3E3A}.Debug|x86.ActiveCfg = Debug|Any CPU
		{903D712A-27E0-4615-AB93-16083E5B3E3A}.Debug|x86.Build.0 = Debug|Any CPU
		{903D712A-27E0-4615-AB93-16083E5B3E3A}.Release|Any CPU.ActiveCfg = Release|Any CPU
		{903D712A-27E0-4615-AB93-16083E5B3E3A}.Release|Any CPU.Build.0 = Release|Any CPU
		{903D712A-27E0-4615-AB93-16083E5B3E3A}.Release|x64.ActiveCfg = Release|Any CPU
		{903D712A-27E0-4615-AB93-16083E5B3E3A}.Release|x64.Build.0 = Release|Any CPU
		{903D712A-27E0-4615-AB93-16083E5B3E3A}.Release|x86.ActiveCfg = Release|Any CPU
		{903D712A-27E0-4615-AB93-16083E5B3E3A}.Release|x86.Build.0 = Release|Any CPU
		{AD717205-C676-4DF9-8095-4583BA342515}.Debug|Any CPU.ActiveCfg = Debug|Any CPU
		{AD717205-C676-4DF9-8095-4583BA342515}.Debug|Any CPU.Build.0 = Debug|Any CPU
		{AD717205-C676-4DF9-8095-4583BA342515}.Debug|x64.ActiveCfg = Debug|Any CPU
		{AD717205-C676-4DF9-8095-4583BA342515}.Debug|x64.Build.0 = Debug|Any CPU
		{AD717205-C676-4DF9-8095-4583BA342515}.Debug|x86.ActiveCfg = Debug|Any CPU
		{AD717205-C676-4DF9-8095-4583BA342515}.Debug|x86.Build.0 = Debug|Any CPU
		{AD717205-C676-4DF9-8095-4583BA342515}.Release|Any CPU.ActiveCfg = Release|Any CPU
		{AD717205-C676-4DF9-8095-4583BA342515}.Release|Any CPU.Build.0 = Release|Any CPU
		{AD717205-C676-4DF9-8095-4583BA342515}.Release|x64.ActiveCfg = Release|Any CPU
		{AD717205-C676-4DF9-8095-4583BA342515}.Release|x64.Build.0 = Release|Any CPU
		{AD717205-C676-4DF9-8095-4583BA342515}.Release|x86.ActiveCfg = Release|Any CPU
		{AD717205-C676-4DF9-8095-4583BA342515}.Release|x86.Build.0 = Release|Any CPU
		{707C273D-CCC9-4CF3-B234-F54B2AB3D178}.Debug|Any CPU.ActiveCfg = Debug|Any CPU
		{707C273D-CCC9-4CF3-B234-F54B2AB3D178}.Debug|Any CPU.Build.0 = Debug|Any CPU
		{707C273D-CCC9-4CF3-B234-F54B2AB3D178}.Debug|x64.ActiveCfg = Debug|Any CPU
		{707C273D-CCC9-4CF3-B234-F54B2AB3D178}.Debug|x64.Build.0 = Debug|Any CPU
		{707C273D-CCC9-4CF3-B234-F54B2AB3D178}.Debug|x86.ActiveCfg = Debug|Any CPU
		{707C273D-CCC9-4CF3-B234-F54B2AB3D178}.Debug|x86.Build.0 = Debug|Any CPU
		{707C273D-CCC9-4CF3-B234-F54B2AB3D178}.Release|Any CPU.ActiveCfg = Release|Any CPU
		{707C273D-CCC9-4CF3-B234-F54B2AB3D178}.Release|Any CPU.Build.0 = Release|Any CPU
		{707C273D-CCC9-4CF3-B234-F54B2AB3D178}.Release|x64.ActiveCfg = Release|Any CPU
		{707C273D-CCC9-4CF3-B234-F54B2AB3D178}.Release|x64.Build.0 = Release|Any CPU
		{707C273D-CCC9-4CF3-B234-F54B2AB3D178}.Release|x86.ActiveCfg = Release|Any CPU
		{707C273D-CCC9-4CF3-B234-F54B2AB3D178}.Release|x86.Build.0 = Release|Any CPU
		{DC406D52-3A4B-4632-AD67-462875C067D3}.Debug|Any CPU.ActiveCfg = Debug|Any CPU
		{DC406D52-3A4B-4632-AD67-462875C067D3}.Debug|Any CPU.Build.0 = Debug|Any CPU
		{DC406D52-3A4B-4632-AD67-462875C067D3}.Debug|x64.ActiveCfg = Debug|Any CPU
		{DC406D52-3A4B-4632-AD67-462875C067D3}.Debug|x64.Build.0 = Debug|Any CPU
		{DC406D52-3A4B-4632-AD67-462875C067D3}.Debug|x86.ActiveCfg = Debug|Any CPU
		{DC406D52-3A4B-4632-AD67-462875C067D3}.Debug|x86.Build.0 = Debug|Any CPU
		{DC406D52-3A4B-4632-AD67-462875C067D3}.Release|Any CPU.ActiveCfg = Release|Any CPU
		{DC406D52-3A4B-4632-AD67-462875C067D3}.Release|Any CPU.Build.0 = Release|Any CPU
		{DC406D52-3A4B-4632-AD67-462875C067D3}.Release|x64.ActiveCfg = Release|Any CPU
		{DC406D52-3A4B-4632-AD67-462875C067D3}.Release|x64.Build.0 = Release|Any CPU
		{DC406D52-3A4B-4632-AD67-462875C067D3}.Release|x86.ActiveCfg = Release|Any CPU
		{DC406D52-3A4B-4632-AD67-462875C067D3}.Release|x86.Build.0 = Release|Any CPU
		{9DF737C9-6EE5-4255-85C9-65337350DFDD}.Debug|Any CPU.ActiveCfg = Debug|Any CPU
		{9DF737C9-6EE5-4255-85C9-65337350DFDD}.Debug|Any CPU.Build.0 = Debug|Any CPU
		{9DF737C9-6EE5-4255-85C9-65337350DFDD}.Debug|x64.ActiveCfg = Debug|Any CPU
		{9DF737C9-6EE5-4255-85C9-65337350DFDD}.Debug|x64.Build.0 = Debug|Any CPU
		{9DF737C9-6EE5-4255-85C9-65337350DFDD}.Debug|x86.ActiveCfg = Debug|Any CPU
		{9DF737C9-6EE5-4255-85C9-65337350DFDD}.Debug|x86.Build.0 = Debug|Any CPU
		{9DF737C9-6EE5-4255-85C9-65337350DFDD}.Release|Any CPU.ActiveCfg = Release|Any CPU
		{9DF737C9-6EE5-4255-85C9-65337350DFDD}.Release|Any CPU.Build.0 = Release|Any CPU
		{9DF737C9-6EE5-4255-85C9-65337350DFDD}.Release|x64.ActiveCfg = Release|Any CPU
		{9DF737C9-6EE5-4255-85C9-65337350DFDD}.Release|x64.Build.0 = Release|Any CPU
		{9DF737C9-6EE5-4255-85C9-65337350DFDD}.Release|x86.ActiveCfg = Release|Any CPU
		{9DF737C9-6EE5-4255-85C9-65337350DFDD}.Release|x86.Build.0 = Release|Any CPU
		{7D4F4EC0-C221-4BC9-8F8C-77BD4A3D39AA}.Debug|Any CPU.ActiveCfg = Debug|Any CPU
		{7D4F4EC0-C221-4BC9-8F8C-77BD4A3D39AA}.Debug|Any CPU.Build.0 = Debug|Any CPU
		{7D4F4EC0-C221-4BC9-8F8C-77BD4A3D39AA}.Debug|x64.ActiveCfg = Debug|Any CPU
		{7D4F4EC0-C221-4BC9-8F8C-77BD4A3D39AA}.Debug|x64.Build.0 = Debug|Any CPU
		{7D4F4EC0-C221-4BC9-8F8C-77BD4A3D39AA}.Debug|x86.ActiveCfg = Debug|Any CPU
		{7D4F4EC0-C221-4BC9-8F8C-77BD4A3D39AA}.Debug|x86.Build.0 = Debug|Any CPU
		{7D4F4EC0-C221-4BC9-8F8C-77BD4A3D39AA}.Release|Any CPU.ActiveCfg = Release|Any CPU
		{7D4F4EC0-C221-4BC9-8F8C-77BD4A3D39AA}.Release|Any CPU.Build.0 = Release|Any CPU
		{7D4F4EC0-C221-4BC9-8F8C-77BD4A3D39AA}.Release|x64.ActiveCfg = Release|Any CPU
		{7D4F4EC0-C221-4BC9-8F8C-77BD4A3D39AA}.Release|x64.Build.0 = Release|Any CPU
		{7D4F4EC0-C221-4BC9-8F8C-77BD4A3D39AA}.Release|x86.ActiveCfg = Release|Any CPU
		{7D4F4EC0-C221-4BC9-8F8C-77BD4A3D39AA}.Release|x86.Build.0 = Release|Any CPU
		{C1F8DBEE-EBA0-4C58-B7C1-F4BCC8E6674D}.Debug|Any CPU.ActiveCfg = Debug|Any CPU
		{C1F8DBEE-EBA0-4C58-B7C1-F4BCC8E6674D}.Debug|Any CPU.Build.0 = Debug|Any CPU
		{C1F8DBEE-EBA0-4C58-B7C1-F4BCC8E6674D}.Debug|x64.ActiveCfg = Debug|Any CPU
		{C1F8DBEE-EBA0-4C58-B7C1-F4BCC8E6674D}.Debug|x64.Build.0 = Debug|Any CPU
		{C1F8DBEE-EBA0-4C58-B7C1-F4BCC8E6674D}.Debug|x86.ActiveCfg = Debug|Any CPU
		{C1F8DBEE-EBA0-4C58-B7C1-F4BCC8E6674D}.Debug|x86.Build.0 = Debug|Any CPU
		{C1F8DBEE-EBA0-4C58-B7C1-F4BCC8E6674D}.Release|Any CPU.ActiveCfg = Release|Any CPU
		{C1F8DBEE-EBA0-4C58-B7C1-F4BCC8E6674D}.Release|Any CPU.Build.0 = Release|Any CPU
		{C1F8DBEE-EBA0-4C58-B7C1-F4BCC8E6674D}.Release|x64.ActiveCfg = Release|Any CPU
		{C1F8DBEE-EBA0-4C58-B7C1-F4BCC8E6674D}.Release|x64.Build.0 = Release|Any CPU
		{C1F8DBEE-EBA0-4C58-B7C1-F4BCC8E6674D}.Release|x86.ActiveCfg = Release|Any CPU
		{C1F8DBEE-EBA0-4C58-B7C1-F4BCC8E6674D}.Release|x86.Build.0 = Release|Any CPU
		{2B1441F1-4429-487C-9D0A-FC65B64BF43E}.Debug|Any CPU.ActiveCfg = Debug|Any CPU
		{2B1441F1-4429-487C-9D0A-FC65B64BF43E}.Debug|Any CPU.Build.0 = Debug|Any CPU
		{2B1441F1-4429-487C-9D0A-FC65B64BF43E}.Debug|x64.ActiveCfg = Debug|Any CPU
		{2B1441F1-4429-487C-9D0A-FC65B64BF43E}.Debug|x64.Build.0 = Debug|Any CPU
		{2B1441F1-4429-487C-9D0A-FC65B64BF43E}.Debug|x86.ActiveCfg = Debug|Any CPU
		{2B1441F1-4429-487C-9D0A-FC65B64BF43E}.Debug|x86.Build.0 = Debug|Any CPU
		{2B1441F1-4429-487C-9D0A-FC65B64BF43E}.Release|Any CPU.ActiveCfg = Release|Any CPU
		{2B1441F1-4429-487C-9D0A-FC65B64BF43E}.Release|Any CPU.Build.0 = Release|Any CPU
		{2B1441F1-4429-487C-9D0A-FC65B64BF43E}.Release|x64.ActiveCfg = Release|Any CPU
		{2B1441F1-4429-487C-9D0A-FC65B64BF43E}.Release|x64.Build.0 = Release|Any CPU
		{2B1441F1-4429-487C-9D0A-FC65B64BF43E}.Release|x86.ActiveCfg = Release|Any CPU
		{2B1441F1-4429-487C-9D0A-FC65B64BF43E}.Release|x86.Build.0 = Release|Any CPU
		{A7EC2050-FE5E-4BBD-AF5F-7F07D3688118}.Debug|Any CPU.ActiveCfg = Debug|Any CPU
		{A7EC2050-FE5E-4BBD-AF5F-7F07D3688118}.Debug|Any CPU.Build.0 = Debug|Any CPU
		{A7EC2050-FE5E-4BBD-AF5F-7F07D3688118}.Debug|x64.ActiveCfg = Debug|Any CPU
		{A7EC2050-FE5E-4BBD-AF5F-7F07D3688118}.Debug|x64.Build.0 = Debug|Any CPU
		{A7EC2050-FE5E-4BBD-AF5F-7F07D3688118}.Debug|x86.ActiveCfg = Debug|Any CPU
		{A7EC2050-FE5E-4BBD-AF5F-7F07D3688118}.Debug|x86.Build.0 = Debug|Any CPU
		{A7EC2050-FE5E-4BBD-AF5F-7F07D3688118}.Release|Any CPU.ActiveCfg = Release|Any CPU
		{A7EC2050-FE5E-4BBD-AF5F-7F07D3688118}.Release|Any CPU.Build.0 = Release|Any CPU
		{A7EC2050-FE5E-4BBD-AF5F-7F07D3688118}.Release|x64.ActiveCfg = Release|Any CPU
		{A7EC2050-FE5E-4BBD-AF5F-7F07D3688118}.Release|x64.Build.0 = Release|Any CPU
		{A7EC2050-FE5E-4BBD-AF5F-7F07D3688118}.Release|x86.ActiveCfg = Release|Any CPU
		{A7EC2050-FE5E-4BBD-AF5F-7F07D3688118}.Release|x86.Build.0 = Release|Any CPU
		{16FA9B36-CB2A-4B79-A3BE-937C94BF03F8}.Debug|Any CPU.ActiveCfg = Debug|Any CPU
		{16FA9B36-CB2A-4B79-A3BE-937C94BF03F8}.Debug|Any CPU.Build.0 = Debug|Any CPU
		{16FA9B36-CB2A-4B79-A3BE-937C94BF03F8}.Debug|x64.ActiveCfg = Debug|Any CPU
		{16FA9B36-CB2A-4B79-A3BE-937C94BF03F8}.Debug|x64.Build.0 = Debug|Any CPU
		{16FA9B36-CB2A-4B79-A3BE-937C94BF03F8}.Debug|x86.ActiveCfg = Debug|Any CPU
		{16FA9B36-CB2A-4B79-A3BE-937C94BF03F8}.Debug|x86.Build.0 = Debug|Any CPU
		{16FA9B36-CB2A-4B79-A3BE-937C94BF03F8}.Release|Any CPU.ActiveCfg = Release|Any CPU
		{16FA9B36-CB2A-4B79-A3BE-937C94BF03F8}.Release|Any CPU.Build.0 = Release|Any CPU
		{16FA9B36-CB2A-4B79-A3BE-937C94BF03F8}.Release|x64.ActiveCfg = Release|Any CPU
		{16FA9B36-CB2A-4B79-A3BE-937C94BF03F8}.Release|x64.Build.0 = Release|Any CPU
		{16FA9B36-CB2A-4B79-A3BE-937C94BF03F8}.Release|x86.ActiveCfg = Release|Any CPU
		{16FA9B36-CB2A-4B79-A3BE-937C94BF03F8}.Release|x86.Build.0 = Release|Any CPU
		{EA9A0385-249F-4141-AD03-D67649110A84}.Debug|Any CPU.ActiveCfg = Debug|Any CPU
		{EA9A0385-249F-4141-AD03-D67649110A84}.Debug|Any CPU.Build.0 = Debug|Any CPU
		{EA9A0385-249F-4141-AD03-D67649110A84}.Debug|x64.ActiveCfg = Debug|Any CPU
		{EA9A0385-249F-4141-AD03-D67649110A84}.Debug|x64.Build.0 = Debug|Any CPU
		{EA9A0385-249F-4141-AD03-D67649110A84}.Debug|x86.ActiveCfg = Debug|Any CPU
		{EA9A0385-249F-4141-AD03-D67649110A84}.Debug|x86.Build.0 = Debug|Any CPU
		{EA9A0385-249F-4141-AD03-D67649110A84}.Release|Any CPU.ActiveCfg = Release|Any CPU
		{EA9A0385-249F-4141-AD03-D67649110A84}.Release|Any CPU.Build.0 = Release|Any CPU
		{EA9A0385-249F-4141-AD03-D67649110A84}.Release|x64.ActiveCfg = Release|Any CPU
		{EA9A0385-249F-4141-AD03-D67649110A84}.Release|x64.Build.0 = Release|Any CPU
		{EA9A0385-249F-4141-AD03-D67649110A84}.Release|x86.ActiveCfg = Release|Any CPU
		{EA9A0385-249F-4141-AD03-D67649110A84}.Release|x86.Build.0 = Release|Any CPU
		{1B5BAB33-4256-400B-A4F8-F318418A3548}.Debug|Any CPU.ActiveCfg = Debug|Any CPU
		{1B5BAB33-4256-400B-A4F8-F318418A3548}.Debug|Any CPU.Build.0 = Debug|Any CPU
		{1B5BAB33-4256-400B-A4F8-F318418A3548}.Debug|x64.ActiveCfg = Debug|Any CPU
		{1B5BAB33-4256-400B-A4F8-F318418A3548}.Debug|x64.Build.0 = Debug|Any CPU
		{1B5BAB33-4256-400B-A4F8-F318418A3548}.Debug|x86.ActiveCfg = Debug|Any CPU
		{1B5BAB33-4256-400B-A4F8-F318418A3548}.Debug|x86.Build.0 = Debug|Any CPU
		{1B5BAB33-4256-400B-A4F8-F318418A3548}.Release|Any CPU.ActiveCfg = Release|Any CPU
		{1B5BAB33-4256-400B-A4F8-F318418A3548}.Release|Any CPU.Build.0 = Release|Any CPU
		{1B5BAB33-4256-400B-A4F8-F318418A3548}.Release|x64.ActiveCfg = Release|Any CPU
		{1B5BAB33-4256-400B-A4F8-F318418A3548}.Release|x64.Build.0 = Release|Any CPU
		{1B5BAB33-4256-400B-A4F8-F318418A3548}.Release|x86.ActiveCfg = Release|Any CPU
		{1B5BAB33-4256-400B-A4F8-F318418A3548}.Release|x86.Build.0 = Release|Any CPU
		{C0B4116E-0635-4597-971D-6B70229FA30A}.Debug|Any CPU.ActiveCfg = Debug|Any CPU
		{C0B4116E-0635-4597-971D-6B70229FA30A}.Debug|Any CPU.Build.0 = Debug|Any CPU
		{C0B4116E-0635-4597-971D-6B70229FA30A}.Debug|x64.ActiveCfg = Debug|Any CPU
		{C0B4116E-0635-4597-971D-6B70229FA30A}.Debug|x64.Build.0 = Debug|Any CPU
		{C0B4116E-0635-4597-971D-6B70229FA30A}.Debug|x86.ActiveCfg = Debug|Any CPU
		{C0B4116E-0635-4597-971D-6B70229FA30A}.Debug|x86.Build.0 = Debug|Any CPU
		{C0B4116E-0635-4597-971D-6B70229FA30A}.Release|Any CPU.ActiveCfg = Release|Any CPU
		{C0B4116E-0635-4597-971D-6B70229FA30A}.Release|Any CPU.Build.0 = Release|Any CPU
		{C0B4116E-0635-4597-971D-6B70229FA30A}.Release|x64.ActiveCfg = Release|Any CPU
		{C0B4116E-0635-4597-971D-6B70229FA30A}.Release|x64.Build.0 = Release|Any CPU
		{C0B4116E-0635-4597-971D-6B70229FA30A}.Release|x86.ActiveCfg = Release|Any CPU
		{C0B4116E-0635-4597-971D-6B70229FA30A}.Release|x86.Build.0 = Release|Any CPU
		{9B303409-0052-45B9-8616-CC1ED80A5595}.Debug|Any CPU.ActiveCfg = Debug|Any CPU
		{9B303409-0052-45B9-8616-CC1ED80A5595}.Debug|Any CPU.Build.0 = Debug|Any CPU
		{9B303409-0052-45B9-8616-CC1ED80A5595}.Debug|x64.ActiveCfg = Debug|Any CPU
		{9B303409-0052-45B9-8616-CC1ED80A5595}.Debug|x64.Build.0 = Debug|Any CPU
		{9B303409-0052-45B9-8616-CC1ED80A5595}.Debug|x86.ActiveCfg = Debug|Any CPU
		{9B303409-0052-45B9-8616-CC1ED80A5595}.Debug|x86.Build.0 = Debug|Any CPU
		{9B303409-0052-45B9-8616-CC1ED80A5595}.Release|Any CPU.ActiveCfg = Release|Any CPU
		{9B303409-0052-45B9-8616-CC1ED80A5595}.Release|Any CPU.Build.0 = Release|Any CPU
		{9B303409-0052-45B9-8616-CC1ED80A5595}.Release|x64.ActiveCfg = Release|Any CPU
		{9B303409-0052-45B9-8616-CC1ED80A5595}.Release|x64.Build.0 = Release|Any CPU
		{9B303409-0052-45B9-8616-CC1ED80A5595}.Release|x86.ActiveCfg = Release|Any CPU
		{9B303409-0052-45B9-8616-CC1ED80A5595}.Release|x86.Build.0 = Release|Any CPU
		{50CFDEC4-66C8-4330-8D5F-9D96A764378B}.Debug|Any CPU.ActiveCfg = Debug|Any CPU
		{50CFDEC4-66C8-4330-8D5F-9D96A764378B}.Debug|Any CPU.Build.0 = Debug|Any CPU
		{50CFDEC4-66C8-4330-8D5F-9D96A764378B}.Debug|x64.ActiveCfg = Debug|Any CPU
		{50CFDEC4-66C8-4330-8D5F-9D96A764378B}.Debug|x64.Build.0 = Debug|Any CPU
		{50CFDEC4-66C8-4330-8D5F-9D96A764378B}.Debug|x86.ActiveCfg = Debug|Any CPU
		{50CFDEC4-66C8-4330-8D5F-9D96A764378B}.Debug|x86.Build.0 = Debug|Any CPU
		{50CFDEC4-66C8-4330-8D5F-9D96A764378B}.Release|Any CPU.ActiveCfg = Release|Any CPU
		{50CFDEC4-66C8-4330-8D5F-9D96A764378B}.Release|Any CPU.Build.0 = Release|Any CPU
		{50CFDEC4-66C8-4330-8D5F-9D96A764378B}.Release|x64.ActiveCfg = Release|Any CPU
		{50CFDEC4-66C8-4330-8D5F-9D96A764378B}.Release|x64.Build.0 = Release|Any CPU
		{50CFDEC4-66C8-4330-8D5F-9D96A764378B}.Release|x86.ActiveCfg = Release|Any CPU
		{50CFDEC4-66C8-4330-8D5F-9D96A764378B}.Release|x86.Build.0 = Release|Any CPU
		{3522A6C5-6205-4C7D-B805-84847035A921}.Debug|Any CPU.ActiveCfg = Debug|Any CPU
		{3522A6C5-6205-4C7D-B805-84847035A921}.Debug|Any CPU.Build.0 = Debug|Any CPU
		{3522A6C5-6205-4C7D-B805-84847035A921}.Debug|x64.ActiveCfg = Debug|Any CPU
		{3522A6C5-6205-4C7D-B805-84847035A921}.Debug|x64.Build.0 = Debug|Any CPU
		{3522A6C5-6205-4C7D-B805-84847035A921}.Debug|x86.ActiveCfg = Debug|Any CPU
		{3522A6C5-6205-4C7D-B805-84847035A921}.Debug|x86.Build.0 = Debug|Any CPU
		{3522A6C5-6205-4C7D-B805-84847035A921}.Release|Any CPU.ActiveCfg = Release|Any CPU
		{3522A6C5-6205-4C7D-B805-84847035A921}.Release|Any CPU.Build.0 = Release|Any CPU
		{3522A6C5-6205-4C7D-B805-84847035A921}.Release|x64.ActiveCfg = Release|Any CPU
		{3522A6C5-6205-4C7D-B805-84847035A921}.Release|x64.Build.0 = Release|Any CPU
		{3522A6C5-6205-4C7D-B805-84847035A921}.Release|x86.ActiveCfg = Release|Any CPU
		{3522A6C5-6205-4C7D-B805-84847035A921}.Release|x86.Build.0 = Release|Any CPU
		{1EF92A45-C551-4B0F-9180-00E978DA499E}.Debug|Any CPU.ActiveCfg = Debug|Any CPU
		{1EF92A45-C551-4B0F-9180-00E978DA499E}.Debug|Any CPU.Build.0 = Debug|Any CPU
		{1EF92A45-C551-4B0F-9180-00E978DA499E}.Debug|x64.ActiveCfg = Debug|Any CPU
		{1EF92A45-C551-4B0F-9180-00E978DA499E}.Debug|x64.Build.0 = Debug|Any CPU
		{1EF92A45-C551-4B0F-9180-00E978DA499E}.Debug|x86.ActiveCfg = Debug|Any CPU
		{1EF92A45-C551-4B0F-9180-00E978DA499E}.Debug|x86.Build.0 = Debug|Any CPU
		{1EF92A45-C551-4B0F-9180-00E978DA499E}.Release|Any CPU.ActiveCfg = Release|Any CPU
		{1EF92A45-C551-4B0F-9180-00E978DA499E}.Release|Any CPU.Build.0 = Release|Any CPU
		{1EF92A45-C551-4B0F-9180-00E978DA499E}.Release|x64.ActiveCfg = Release|Any CPU
		{1EF92A45-C551-4B0F-9180-00E978DA499E}.Release|x64.Build.0 = Release|Any CPU
		{1EF92A45-C551-4B0F-9180-00E978DA499E}.Release|x86.ActiveCfg = Release|Any CPU
		{1EF92A45-C551-4B0F-9180-00E978DA499E}.Release|x86.Build.0 = Release|Any CPU
		{FC26C0FB-162E-4B4F-8561-9A688F4B42D2}.Debug|Any CPU.ActiveCfg = Debug|Any CPU
		{FC26C0FB-162E-4B4F-8561-9A688F4B42D2}.Debug|Any CPU.Build.0 = Debug|Any CPU
		{FC26C0FB-162E-4B4F-8561-9A688F4B42D2}.Debug|x64.ActiveCfg = Debug|Any CPU
		{FC26C0FB-162E-4B4F-8561-9A688F4B42D2}.Debug|x64.Build.0 = Debug|Any CPU
		{FC26C0FB-162E-4B4F-8561-9A688F4B42D2}.Debug|x86.ActiveCfg = Debug|Any CPU
		{FC26C0FB-162E-4B4F-8561-9A688F4B42D2}.Debug|x86.Build.0 = Debug|Any CPU
		{FC26C0FB-162E-4B4F-8561-9A688F4B42D2}.Release|Any CPU.ActiveCfg = Release|Any CPU
		{FC26C0FB-162E-4B4F-8561-9A688F4B42D2}.Release|Any CPU.Build.0 = Release|Any CPU
		{FC26C0FB-162E-4B4F-8561-9A688F4B42D2}.Release|x64.ActiveCfg = Release|Any CPU
		{FC26C0FB-162E-4B4F-8561-9A688F4B42D2}.Release|x64.Build.0 = Release|Any CPU
		{FC26C0FB-162E-4B4F-8561-9A688F4B42D2}.Release|x86.ActiveCfg = Release|Any CPU
		{FC26C0FB-162E-4B4F-8561-9A688F4B42D2}.Release|x86.Build.0 = Release|Any CPU
		{D295DE84-3797-46B4-812E-E56FB629A341}.Debug|Any CPU.ActiveCfg = Debug|Any CPU
		{D295DE84-3797-46B4-812E-E56FB629A341}.Debug|Any CPU.Build.0 = Debug|Any CPU
		{D295DE84-3797-46B4-812E-E56FB629A341}.Debug|x64.ActiveCfg = Debug|Any CPU
		{D295DE84-3797-46B4-812E-E56FB629A341}.Debug|x64.Build.0 = Debug|Any CPU
		{D295DE84-3797-46B4-812E-E56FB629A341}.Debug|x86.ActiveCfg = Debug|Any CPU
		{D295DE84-3797-46B4-812E-E56FB629A341}.Debug|x86.Build.0 = Debug|Any CPU
		{D295DE84-3797-46B4-812E-E56FB629A341}.Release|Any CPU.ActiveCfg = Release|Any CPU
		{D295DE84-3797-46B4-812E-E56FB629A341}.Release|Any CPU.Build.0 = Release|Any CPU
		{D295DE84-3797-46B4-812E-E56FB629A341}.Release|x64.ActiveCfg = Release|Any CPU
		{D295DE84-3797-46B4-812E-E56FB629A341}.Release|x64.Build.0 = Release|Any CPU
		{D295DE84-3797-46B4-812E-E56FB629A341}.Release|x86.ActiveCfg = Release|Any CPU
		{D295DE84-3797-46B4-812E-E56FB629A341}.Release|x86.Build.0 = Release|Any CPU
		{1ACC151C-A655-472F-9177-996410A41665}.Debug|Any CPU.ActiveCfg = Debug|Any CPU
		{1ACC151C-A655-472F-9177-996410A41665}.Debug|Any CPU.Build.0 = Debug|Any CPU
		{1ACC151C-A655-472F-9177-996410A41665}.Debug|x64.ActiveCfg = Debug|Any CPU
		{1ACC151C-A655-472F-9177-996410A41665}.Debug|x64.Build.0 = Debug|Any CPU
		{1ACC151C-A655-472F-9177-996410A41665}.Debug|x86.ActiveCfg = Debug|Any CPU
		{1ACC151C-A655-472F-9177-996410A41665}.Debug|x86.Build.0 = Debug|Any CPU
		{1ACC151C-A655-472F-9177-996410A41665}.Release|Any CPU.ActiveCfg = Release|Any CPU
		{1ACC151C-A655-472F-9177-996410A41665}.Release|Any CPU.Build.0 = Release|Any CPU
		{1ACC151C-A655-472F-9177-996410A41665}.Release|x64.ActiveCfg = Release|Any CPU
		{1ACC151C-A655-472F-9177-996410A41665}.Release|x64.Build.0 = Release|Any CPU
		{1ACC151C-A655-472F-9177-996410A41665}.Release|x86.ActiveCfg = Release|Any CPU
		{1ACC151C-A655-472F-9177-996410A41665}.Release|x86.Build.0 = Release|Any CPU
		{5EB8D367-90CC-473F-8F89-B898D8F8BD43}.Debug|Any CPU.ActiveCfg = Debug|Any CPU
		{5EB8D367-90CC-473F-8F89-B898D8F8BD43}.Debug|Any CPU.Build.0 = Debug|Any CPU
		{5EB8D367-90CC-473F-8F89-B898D8F8BD43}.Debug|x64.ActiveCfg = Debug|Any CPU
		{5EB8D367-90CC-473F-8F89-B898D8F8BD43}.Debug|x64.Build.0 = Debug|Any CPU
		{5EB8D367-90CC-473F-8F89-B898D8F8BD43}.Debug|x86.ActiveCfg = Debug|Any CPU
		{5EB8D367-90CC-473F-8F89-B898D8F8BD43}.Debug|x86.Build.0 = Debug|Any CPU
		{5EB8D367-90CC-473F-8F89-B898D8F8BD43}.Release|Any CPU.ActiveCfg = Release|Any CPU
		{5EB8D367-90CC-473F-8F89-B898D8F8BD43}.Release|Any CPU.Build.0 = Release|Any CPU
		{5EB8D367-90CC-473F-8F89-B898D8F8BD43}.Release|x64.ActiveCfg = Release|Any CPU
		{5EB8D367-90CC-473F-8F89-B898D8F8BD43}.Release|x64.Build.0 = Release|Any CPU
		{5EB8D367-90CC-473F-8F89-B898D8F8BD43}.Release|x86.ActiveCfg = Release|Any CPU
		{5EB8D367-90CC-473F-8F89-B898D8F8BD43}.Release|x86.Build.0 = Release|Any CPU
		{99B714F6-43FE-46F6-A9B3-B362B8B8F87D}.Debug|Any CPU.ActiveCfg = Debug|Any CPU
		{99B714F6-43FE-46F6-A9B3-B362B8B8F87D}.Debug|Any CPU.Build.0 = Debug|Any CPU
		{99B714F6-43FE-46F6-A9B3-B362B8B8F87D}.Debug|x64.ActiveCfg = Debug|Any CPU
		{99B714F6-43FE-46F6-A9B3-B362B8B8F87D}.Debug|x64.Build.0 = Debug|Any CPU
		{99B714F6-43FE-46F6-A9B3-B362B8B8F87D}.Debug|x86.ActiveCfg = Debug|Any CPU
		{99B714F6-43FE-46F6-A9B3-B362B8B8F87D}.Debug|x86.Build.0 = Debug|Any CPU
		{99B714F6-43FE-46F6-A9B3-B362B8B8F87D}.Release|Any CPU.ActiveCfg = Release|Any CPU
		{99B714F6-43FE-46F6-A9B3-B362B8B8F87D}.Release|Any CPU.Build.0 = Release|Any CPU
		{99B714F6-43FE-46F6-A9B3-B362B8B8F87D}.Release|x64.ActiveCfg = Release|Any CPU
		{99B714F6-43FE-46F6-A9B3-B362B8B8F87D}.Release|x64.Build.0 = Release|Any CPU
		{99B714F6-43FE-46F6-A9B3-B362B8B8F87D}.Release|x86.ActiveCfg = Release|Any CPU
		{99B714F6-43FE-46F6-A9B3-B362B8B8F87D}.Release|x86.Build.0 = Release|Any CPU
		{988EAF3A-7320-4630-AFDC-233AC33AAA65}.Debug|Any CPU.ActiveCfg = Debug|Any CPU
		{988EAF3A-7320-4630-AFDC-233AC33AAA65}.Debug|Any CPU.Build.0 = Debug|Any CPU
		{988EAF3A-7320-4630-AFDC-233AC33AAA65}.Debug|x64.ActiveCfg = Debug|Any CPU
		{988EAF3A-7320-4630-AFDC-233AC33AAA65}.Debug|x64.Build.0 = Debug|Any CPU
		{988EAF3A-7320-4630-AFDC-233AC33AAA65}.Debug|x86.ActiveCfg = Debug|Any CPU
		{988EAF3A-7320-4630-AFDC-233AC33AAA65}.Debug|x86.Build.0 = Debug|Any CPU
		{988EAF3A-7320-4630-AFDC-233AC33AAA65}.Release|Any CPU.ActiveCfg = Release|Any CPU
		{988EAF3A-7320-4630-AFDC-233AC33AAA65}.Release|Any CPU.Build.0 = Release|Any CPU
		{988EAF3A-7320-4630-AFDC-233AC33AAA65}.Release|x64.ActiveCfg = Release|Any CPU
		{988EAF3A-7320-4630-AFDC-233AC33AAA65}.Release|x64.Build.0 = Release|Any CPU
		{988EAF3A-7320-4630-AFDC-233AC33AAA65}.Release|x86.ActiveCfg = Release|Any CPU
		{988EAF3A-7320-4630-AFDC-233AC33AAA65}.Release|x86.Build.0 = Release|Any CPU
		{E23F2826-1857-4C3F-A90B-D4443DD84EFA}.Debug|Any CPU.ActiveCfg = Debug|Any CPU
		{E23F2826-1857-4C3F-A90B-D4443DD84EFA}.Debug|Any CPU.Build.0 = Debug|Any CPU
		{E23F2826-1857-4C3F-A90B-D4443DD84EFA}.Debug|x64.ActiveCfg = Debug|Any CPU
		{E23F2826-1857-4C3F-A90B-D4443DD84EFA}.Debug|x64.Build.0 = Debug|Any CPU
		{E23F2826-1857-4C3F-A90B-D4443DD84EFA}.Debug|x86.ActiveCfg = Debug|Any CPU
		{E23F2826-1857-4C3F-A90B-D4443DD84EFA}.Debug|x86.Build.0 = Debug|Any CPU
		{E23F2826-1857-4C3F-A90B-D4443DD84EFA}.Release|Any CPU.ActiveCfg = Release|Any CPU
		{E23F2826-1857-4C3F-A90B-D4443DD84EFA}.Release|Any CPU.Build.0 = Release|Any CPU
		{E23F2826-1857-4C3F-A90B-D4443DD84EFA}.Release|x64.ActiveCfg = Release|Any CPU
		{E23F2826-1857-4C3F-A90B-D4443DD84EFA}.Release|x64.Build.0 = Release|Any CPU
		{E23F2826-1857-4C3F-A90B-D4443DD84EFA}.Release|x86.ActiveCfg = Release|Any CPU
		{E23F2826-1857-4C3F-A90B-D4443DD84EFA}.Release|x86.Build.0 = Release|Any CPU
		{D53426B7-469F-4FBB-9935-4AA3C303DE8D}.Debug|Any CPU.ActiveCfg = Debug|Any CPU
		{D53426B7-469F-4FBB-9935-4AA3C303DE8D}.Debug|Any CPU.Build.0 = Debug|Any CPU
		{D53426B7-469F-4FBB-9935-4AA3C303DE8D}.Debug|x64.ActiveCfg = Debug|Any CPU
		{D53426B7-469F-4FBB-9935-4AA3C303DE8D}.Debug|x64.Build.0 = Debug|Any CPU
		{D53426B7-469F-4FBB-9935-4AA3C303DE8D}.Debug|x86.ActiveCfg = Debug|Any CPU
		{D53426B7-469F-4FBB-9935-4AA3C303DE8D}.Debug|x86.Build.0 = Debug|Any CPU
		{D53426B7-469F-4FBB-9935-4AA3C303DE8D}.Release|Any CPU.ActiveCfg = Release|Any CPU
		{D53426B7-469F-4FBB-9935-4AA3C303DE8D}.Release|Any CPU.Build.0 = Release|Any CPU
		{D53426B7-469F-4FBB-9935-4AA3C303DE8D}.Release|x64.ActiveCfg = Release|Any CPU
		{D53426B7-469F-4FBB-9935-4AA3C303DE8D}.Release|x64.Build.0 = Release|Any CPU
		{D53426B7-469F-4FBB-9935-4AA3C303DE8D}.Release|x86.ActiveCfg = Release|Any CPU
		{D53426B7-469F-4FBB-9935-4AA3C303DE8D}.Release|x86.Build.0 = Release|Any CPU
		{4189D963-E5AA-4782-AD78-72FBA9536B59}.Debug|Any CPU.ActiveCfg = Debug|Any CPU
		{4189D963-E5AA-4782-AD78-72FBA9536B59}.Debug|Any CPU.Build.0 = Debug|Any CPU
		{4189D963-E5AA-4782-AD78-72FBA9536B59}.Debug|x64.ActiveCfg = Debug|Any CPU
		{4189D963-E5AA-4782-AD78-72FBA9536B59}.Debug|x64.Build.0 = Debug|Any CPU
		{4189D963-E5AA-4782-AD78-72FBA9536B59}.Debug|x86.ActiveCfg = Debug|Any CPU
		{4189D963-E5AA-4782-AD78-72FBA9536B59}.Debug|x86.Build.0 = Debug|Any CPU
		{4189D963-E5AA-4782-AD78-72FBA9536B59}.Release|Any CPU.ActiveCfg = Release|Any CPU
		{4189D963-E5AA-4782-AD78-72FBA9536B59}.Release|Any CPU.Build.0 = Release|Any CPU
		{4189D963-E5AA-4782-AD78-72FBA9536B59}.Release|x64.ActiveCfg = Release|Any CPU
		{4189D963-E5AA-4782-AD78-72FBA9536B59}.Release|x64.Build.0 = Release|Any CPU
		{4189D963-E5AA-4782-AD78-72FBA9536B59}.Release|x86.ActiveCfg = Release|Any CPU
		{4189D963-E5AA-4782-AD78-72FBA9536B59}.Release|x86.Build.0 = Release|Any CPU
		{0F990389-7C88-4C7A-99F8-60E5243216FF}.Debug|Any CPU.ActiveCfg = Debug|Any CPU
		{0F990389-7C88-4C7A-99F8-60E5243216FF}.Debug|Any CPU.Build.0 = Debug|Any CPU
		{0F990389-7C88-4C7A-99F8-60E5243216FF}.Debug|x64.ActiveCfg = Debug|Any CPU
		{0F990389-7C88-4C7A-99F8-60E5243216FF}.Debug|x64.Build.0 = Debug|Any CPU
		{0F990389-7C88-4C7A-99F8-60E5243216FF}.Debug|x86.ActiveCfg = Debug|Any CPU
		{0F990389-7C88-4C7A-99F8-60E5243216FF}.Debug|x86.Build.0 = Debug|Any CPU
		{0F990389-7C88-4C7A-99F8-60E5243216FF}.Release|Any CPU.ActiveCfg = Release|Any CPU
		{0F990389-7C88-4C7A-99F8-60E5243216FF}.Release|Any CPU.Build.0 = Release|Any CPU
		{0F990389-7C88-4C7A-99F8-60E5243216FF}.Release|x64.ActiveCfg = Release|Any CPU
		{0F990389-7C88-4C7A-99F8-60E5243216FF}.Release|x64.Build.0 = Release|Any CPU
		{0F990389-7C88-4C7A-99F8-60E5243216FF}.Release|x86.ActiveCfg = Release|Any CPU
		{0F990389-7C88-4C7A-99F8-60E5243216FF}.Release|x86.Build.0 = Release|Any CPU
		{7782890E-712E-4658-8BF2-0DC5794A87AC}.Debug|Any CPU.ActiveCfg = Debug|Any CPU
		{7782890E-712E-4658-8BF2-0DC5794A87AC}.Debug|Any CPU.Build.0 = Debug|Any CPU
		{7782890E-712E-4658-8BF2-0DC5794A87AC}.Debug|x64.ActiveCfg = Debug|Any CPU
		{7782890E-712E-4658-8BF2-0DC5794A87AC}.Debug|x64.Build.0 = Debug|Any CPU
		{7782890E-712E-4658-8BF2-0DC5794A87AC}.Debug|x86.ActiveCfg = Debug|Any CPU
		{7782890E-712E-4658-8BF2-0DC5794A87AC}.Debug|x86.Build.0 = Debug|Any CPU
		{7782890E-712E-4658-8BF2-0DC5794A87AC}.Release|Any CPU.ActiveCfg = Release|Any CPU
		{7782890E-712E-4658-8BF2-0DC5794A87AC}.Release|Any CPU.Build.0 = Release|Any CPU
		{7782890E-712E-4658-8BF2-0DC5794A87AC}.Release|x64.ActiveCfg = Release|Any CPU
		{7782890E-712E-4658-8BF2-0DC5794A87AC}.Release|x64.Build.0 = Release|Any CPU
		{7782890E-712E-4658-8BF2-0DC5794A87AC}.Release|x86.ActiveCfg = Release|Any CPU
		{7782890E-712E-4658-8BF2-0DC5794A87AC}.Release|x86.Build.0 = Release|Any CPU
		{B4D83D1B-D454-499D-9775-F1FA1F50A4C5}.Debug|Any CPU.ActiveCfg = Debug|Any CPU
		{B4D83D1B-D454-499D-9775-F1FA1F50A4C5}.Debug|Any CPU.Build.0 = Debug|Any CPU
		{B4D83D1B-D454-499D-9775-F1FA1F50A4C5}.Debug|x64.ActiveCfg = Debug|Any CPU
		{B4D83D1B-D454-499D-9775-F1FA1F50A4C5}.Debug|x64.Build.0 = Debug|Any CPU
		{B4D83D1B-D454-499D-9775-F1FA1F50A4C5}.Debug|x86.ActiveCfg = Debug|Any CPU
		{B4D83D1B-D454-499D-9775-F1FA1F50A4C5}.Debug|x86.Build.0 = Debug|Any CPU
		{B4D83D1B-D454-499D-9775-F1FA1F50A4C5}.Release|Any CPU.ActiveCfg = Release|Any CPU
		{B4D83D1B-D454-499D-9775-F1FA1F50A4C5}.Release|Any CPU.Build.0 = Release|Any CPU
		{B4D83D1B-D454-499D-9775-F1FA1F50A4C5}.Release|x64.ActiveCfg = Release|Any CPU
		{B4D83D1B-D454-499D-9775-F1FA1F50A4C5}.Release|x64.Build.0 = Release|Any CPU
		{B4D83D1B-D454-499D-9775-F1FA1F50A4C5}.Release|x86.ActiveCfg = Release|Any CPU
		{B4D83D1B-D454-499D-9775-F1FA1F50A4C5}.Release|x86.Build.0 = Release|Any CPU
		{FFD87B38-0A7B-47AA-AD31-F76CB9ED15DB}.Debug|Any CPU.ActiveCfg = Debug|Any CPU
		{FFD87B38-0A7B-47AA-AD31-F76CB9ED15DB}.Debug|Any CPU.Build.0 = Debug|Any CPU
		{FFD87B38-0A7B-47AA-AD31-F76CB9ED15DB}.Debug|x64.ActiveCfg = Debug|Any CPU
		{FFD87B38-0A7B-47AA-AD31-F76CB9ED15DB}.Debug|x64.Build.0 = Debug|Any CPU
		{FFD87B38-0A7B-47AA-AD31-F76CB9ED15DB}.Debug|x86.ActiveCfg = Debug|Any CPU
		{FFD87B38-0A7B-47AA-AD31-F76CB9ED15DB}.Debug|x86.Build.0 = Debug|Any CPU
		{FFD87B38-0A7B-47AA-AD31-F76CB9ED15DB}.Release|Any CPU.ActiveCfg = Release|Any CPU
		{FFD87B38-0A7B-47AA-AD31-F76CB9ED15DB}.Release|Any CPU.Build.0 = Release|Any CPU
		{FFD87B38-0A7B-47AA-AD31-F76CB9ED15DB}.Release|x64.ActiveCfg = Release|Any CPU
		{FFD87B38-0A7B-47AA-AD31-F76CB9ED15DB}.Release|x64.Build.0 = Release|Any CPU
		{FFD87B38-0A7B-47AA-AD31-F76CB9ED15DB}.Release|x86.ActiveCfg = Release|Any CPU
		{FFD87B38-0A7B-47AA-AD31-F76CB9ED15DB}.Release|x86.Build.0 = Release|Any CPU
		{8131E980-CA39-4BAD-9ADE-34E6597BD00F}.Debug|Any CPU.ActiveCfg = Debug|Any CPU
		{8131E980-CA39-4BAD-9ADE-34E6597BD00F}.Debug|Any CPU.Build.0 = Debug|Any CPU
		{8131E980-CA39-4BAD-9ADE-34E6597BD00F}.Debug|x64.ActiveCfg = Debug|Any CPU
		{8131E980-CA39-4BAD-9ADE-34E6597BD00F}.Debug|x64.Build.0 = Debug|Any CPU
		{8131E980-CA39-4BAD-9ADE-34E6597BD00F}.Debug|x86.ActiveCfg = Debug|Any CPU
		{8131E980-CA39-4BAD-9ADE-34E6597BD00F}.Debug|x86.Build.0 = Debug|Any CPU
		{8131E980-CA39-4BAD-9ADE-34E6597BD00F}.Release|Any CPU.ActiveCfg = Release|Any CPU
		{8131E980-CA39-4BAD-9ADE-34E6597BD00F}.Release|Any CPU.Build.0 = Release|Any CPU
		{8131E980-CA39-4BAD-9ADE-34E6597BD00F}.Release|x64.ActiveCfg = Release|Any CPU
		{8131E980-CA39-4BAD-9ADE-34E6597BD00F}.Release|x64.Build.0 = Release|Any CPU
		{8131E980-CA39-4BAD-9ADE-34E6597BD00F}.Release|x86.ActiveCfg = Release|Any CPU
		{8131E980-CA39-4BAD-9ADE-34E6597BD00F}.Release|x86.Build.0 = Release|Any CPU
		{C23F467D-B5F1-400D-9EEA-96E3F467BAB7}.Debug|Any CPU.ActiveCfg = Debug|Any CPU
		{C23F467D-B5F1-400D-9EEA-96E3F467BAB7}.Debug|Any CPU.Build.0 = Debug|Any CPU
		{C23F467D-B5F1-400D-9EEA-96E3F467BAB7}.Debug|x64.ActiveCfg = Debug|Any CPU
		{C23F467D-B5F1-400D-9EEA-96E3F467BAB7}.Debug|x64.Build.0 = Debug|Any CPU
		{C23F467D-B5F1-400D-9EEA-96E3F467BAB7}.Debug|x86.ActiveCfg = Debug|Any CPU
		{C23F467D-B5F1-400D-9EEA-96E3F467BAB7}.Debug|x86.Build.0 = Debug|Any CPU
		{C23F467D-B5F1-400D-9EEA-96E3F467BAB7}.Release|Any CPU.ActiveCfg = Release|Any CPU
		{C23F467D-B5F1-400D-9EEA-96E3F467BAB7}.Release|Any CPU.Build.0 = Release|Any CPU
		{C23F467D-B5F1-400D-9EEA-96E3F467BAB7}.Release|x64.ActiveCfg = Release|Any CPU
		{C23F467D-B5F1-400D-9EEA-96E3F467BAB7}.Release|x64.Build.0 = Release|Any CPU
		{C23F467D-B5F1-400D-9EEA-96E3F467BAB7}.Release|x86.ActiveCfg = Release|Any CPU
		{C23F467D-B5F1-400D-9EEA-96E3F467BAB7}.Release|x86.Build.0 = Release|Any CPU
		{9FD2FBE2-7210-4977-94F6-4B30A5A2BEB7}.Debug|Any CPU.ActiveCfg = Debug|Any CPU
		{9FD2FBE2-7210-4977-94F6-4B30A5A2BEB7}.Debug|Any CPU.Build.0 = Debug|Any CPU
		{9FD2FBE2-7210-4977-94F6-4B30A5A2BEB7}.Debug|x64.ActiveCfg = Debug|Any CPU
		{9FD2FBE2-7210-4977-94F6-4B30A5A2BEB7}.Debug|x64.Build.0 = Debug|Any CPU
		{9FD2FBE2-7210-4977-94F6-4B30A5A2BEB7}.Debug|x86.ActiveCfg = Debug|Any CPU
		{9FD2FBE2-7210-4977-94F6-4B30A5A2BEB7}.Debug|x86.Build.0 = Debug|Any CPU
		{9FD2FBE2-7210-4977-94F6-4B30A5A2BEB7}.Release|Any CPU.ActiveCfg = Release|Any CPU
		{9FD2FBE2-7210-4977-94F6-4B30A5A2BEB7}.Release|Any CPU.Build.0 = Release|Any CPU
		{9FD2FBE2-7210-4977-94F6-4B30A5A2BEB7}.Release|x64.ActiveCfg = Release|Any CPU
		{9FD2FBE2-7210-4977-94F6-4B30A5A2BEB7}.Release|x64.Build.0 = Release|Any CPU
		{9FD2FBE2-7210-4977-94F6-4B30A5A2BEB7}.Release|x86.ActiveCfg = Release|Any CPU
		{9FD2FBE2-7210-4977-94F6-4B30A5A2BEB7}.Release|x86.Build.0 = Release|Any CPU
		{BE9AC443-C15D-4962-A8D2-0CCD328E6B68}.Debug|Any CPU.ActiveCfg = Debug|Any CPU
		{BE9AC443-C15D-4962-A8D2-0CCD328E6B68}.Debug|Any CPU.Build.0 = Debug|Any CPU
		{BE9AC443-C15D-4962-A8D2-0CCD328E6B68}.Debug|x64.ActiveCfg = Debug|Any CPU
		{BE9AC443-C15D-4962-A8D2-0CCD328E6B68}.Debug|x64.Build.0 = Debug|Any CPU
		{BE9AC443-C15D-4962-A8D2-0CCD328E6B68}.Debug|x86.ActiveCfg = Debug|Any CPU
		{BE9AC443-C15D-4962-A8D2-0CCD328E6B68}.Debug|x86.Build.0 = Debug|Any CPU
		{BE9AC443-C15D-4962-A8D2-0CCD328E6B68}.Release|Any CPU.ActiveCfg = Release|Any CPU
		{BE9AC443-C15D-4962-A8D2-0CCD328E6B68}.Release|Any CPU.Build.0 = Release|Any CPU
		{BE9AC443-C15D-4962-A8D2-0CCD328E6B68}.Release|x64.ActiveCfg = Release|Any CPU
		{BE9AC443-C15D-4962-A8D2-0CCD328E6B68}.Release|x64.Build.0 = Release|Any CPU
		{BE9AC443-C15D-4962-A8D2-0CCD328E6B68}.Release|x86.ActiveCfg = Release|Any CPU
		{BE9AC443-C15D-4962-A8D2-0CCD328E6B68}.Release|x86.Build.0 = Release|Any CPU
		{392C12C2-ECBA-4728-9D8D-54BD2E10F7ED}.Debug|Any CPU.ActiveCfg = Debug|Any CPU
		{392C12C2-ECBA-4728-9D8D-54BD2E10F7ED}.Debug|Any CPU.Build.0 = Debug|Any CPU
		{392C12C2-ECBA-4728-9D8D-54BD2E10F7ED}.Debug|x64.ActiveCfg = Debug|Any CPU
		{392C12C2-ECBA-4728-9D8D-54BD2E10F7ED}.Debug|x64.Build.0 = Debug|Any CPU
		{392C12C2-ECBA-4728-9D8D-54BD2E10F7ED}.Debug|x86.ActiveCfg = Debug|Any CPU
		{392C12C2-ECBA-4728-9D8D-54BD2E10F7ED}.Debug|x86.Build.0 = Debug|Any CPU
		{392C12C2-ECBA-4728-9D8D-54BD2E10F7ED}.Release|Any CPU.ActiveCfg = Release|Any CPU
		{392C12C2-ECBA-4728-9D8D-54BD2E10F7ED}.Release|Any CPU.Build.0 = Release|Any CPU
		{392C12C2-ECBA-4728-9D8D-54BD2E10F7ED}.Release|x64.ActiveCfg = Release|Any CPU
		{392C12C2-ECBA-4728-9D8D-54BD2E10F7ED}.Release|x64.Build.0 = Release|Any CPU
		{392C12C2-ECBA-4728-9D8D-54BD2E10F7ED}.Release|x86.ActiveCfg = Release|Any CPU
		{392C12C2-ECBA-4728-9D8D-54BD2E10F7ED}.Release|x86.Build.0 = Release|Any CPU
		{83E43658-7186-4E8B-AFD0-BDE5DB7BFB58}.Debug|Any CPU.ActiveCfg = Debug|Any CPU
		{83E43658-7186-4E8B-AFD0-BDE5DB7BFB58}.Debug|Any CPU.Build.0 = Debug|Any CPU
		{83E43658-7186-4E8B-AFD0-BDE5DB7BFB58}.Debug|x64.ActiveCfg = Debug|Any CPU
		{83E43658-7186-4E8B-AFD0-BDE5DB7BFB58}.Debug|x64.Build.0 = Debug|Any CPU
		{83E43658-7186-4E8B-AFD0-BDE5DB7BFB58}.Debug|x86.ActiveCfg = Debug|Any CPU
		{83E43658-7186-4E8B-AFD0-BDE5DB7BFB58}.Debug|x86.Build.0 = Debug|Any CPU
		{83E43658-7186-4E8B-AFD0-BDE5DB7BFB58}.Release|Any CPU.ActiveCfg = Release|Any CPU
		{83E43658-7186-4E8B-AFD0-BDE5DB7BFB58}.Release|Any CPU.Build.0 = Release|Any CPU
		{83E43658-7186-4E8B-AFD0-BDE5DB7BFB58}.Release|x64.ActiveCfg = Release|Any CPU
		{83E43658-7186-4E8B-AFD0-BDE5DB7BFB58}.Release|x64.Build.0 = Release|Any CPU
		{83E43658-7186-4E8B-AFD0-BDE5DB7BFB58}.Release|x86.ActiveCfg = Release|Any CPU
		{83E43658-7186-4E8B-AFD0-BDE5DB7BFB58}.Release|x86.Build.0 = Release|Any CPU
		{4EB6CC28-7D1B-4E39-80F2-84CA4494AF23}.Debug|Any CPU.ActiveCfg = Debug|Any CPU
		{4EB6CC28-7D1B-4E39-80F2-84CA4494AF23}.Debug|Any CPU.Build.0 = Debug|Any CPU
		{4EB6CC28-7D1B-4E39-80F2-84CA4494AF23}.Debug|x64.ActiveCfg = Debug|Any CPU
		{4EB6CC28-7D1B-4E39-80F2-84CA4494AF23}.Debug|x64.Build.0 = Debug|Any CPU
		{4EB6CC28-7D1B-4E39-80F2-84CA4494AF23}.Debug|x86.ActiveCfg = Debug|Any CPU
		{4EB6CC28-7D1B-4E39-80F2-84CA4494AF23}.Debug|x86.Build.0 = Debug|Any CPU
		{4EB6CC28-7D1B-4E39-80F2-84CA4494AF23}.Release|Any CPU.ActiveCfg = Release|Any CPU
		{4EB6CC28-7D1B-4E39-80F2-84CA4494AF23}.Release|Any CPU.Build.0 = Release|Any CPU
		{4EB6CC28-7D1B-4E39-80F2-84CA4494AF23}.Release|x64.ActiveCfg = Release|Any CPU
		{4EB6CC28-7D1B-4E39-80F2-84CA4494AF23}.Release|x64.Build.0 = Release|Any CPU
		{4EB6CC28-7D1B-4E39-80F2-84CA4494AF23}.Release|x86.ActiveCfg = Release|Any CPU
		{4EB6CC28-7D1B-4E39-80F2-84CA4494AF23}.Release|x86.Build.0 = Release|Any CPU
		{2FD305AC-927E-4D24-9FA6-923C30E4E4A8}.Debug|Any CPU.ActiveCfg = Debug|Any CPU
		{2FD305AC-927E-4D24-9FA6-923C30E4E4A8}.Debug|Any CPU.Build.0 = Debug|Any CPU
		{2FD305AC-927E-4D24-9FA6-923C30E4E4A8}.Debug|x64.ActiveCfg = Debug|Any CPU
		{2FD305AC-927E-4D24-9FA6-923C30E4E4A8}.Debug|x64.Build.0 = Debug|Any CPU
		{2FD305AC-927E-4D24-9FA6-923C30E4E4A8}.Debug|x86.ActiveCfg = Debug|Any CPU
		{2FD305AC-927E-4D24-9FA6-923C30E4E4A8}.Debug|x86.Build.0 = Debug|Any CPU
		{2FD305AC-927E-4D24-9FA6-923C30E4E4A8}.Release|Any CPU.ActiveCfg = Release|Any CPU
		{2FD305AC-927E-4D24-9FA6-923C30E4E4A8}.Release|Any CPU.Build.0 = Release|Any CPU
		{2FD305AC-927E-4D24-9FA6-923C30E4E4A8}.Release|x64.ActiveCfg = Release|Any CPU
		{2FD305AC-927E-4D24-9FA6-923C30E4E4A8}.Release|x64.Build.0 = Release|Any CPU
		{2FD305AC-927E-4D24-9FA6-923C30E4E4A8}.Release|x86.ActiveCfg = Release|Any CPU
		{2FD305AC-927E-4D24-9FA6-923C30E4E4A8}.Release|x86.Build.0 = Release|Any CPU
		{57572A45-33CD-4928-9C30-13480AEDB313}.Debug|Any CPU.ActiveCfg = Debug|Any CPU
		{57572A45-33CD-4928-9C30-13480AEDB313}.Debug|Any CPU.Build.0 = Debug|Any CPU
		{57572A45-33CD-4928-9C30-13480AEDB313}.Debug|x64.ActiveCfg = Debug|Any CPU
		{57572A45-33CD-4928-9C30-13480AEDB313}.Debug|x64.Build.0 = Debug|Any CPU
		{57572A45-33CD-4928-9C30-13480AEDB313}.Debug|x86.ActiveCfg = Debug|Any CPU
		{57572A45-33CD-4928-9C30-13480AEDB313}.Debug|x86.Build.0 = Debug|Any CPU
		{57572A45-33CD-4928-9C30-13480AEDB313}.Release|Any CPU.ActiveCfg = Release|Any CPU
		{57572A45-33CD-4928-9C30-13480AEDB313}.Release|Any CPU.Build.0 = Release|Any CPU
		{57572A45-33CD-4928-9C30-13480AEDB313}.Release|x64.ActiveCfg = Release|Any CPU
		{57572A45-33CD-4928-9C30-13480AEDB313}.Release|x64.Build.0 = Release|Any CPU
		{57572A45-33CD-4928-9C30-13480AEDB313}.Release|x86.ActiveCfg = Release|Any CPU
		{57572A45-33CD-4928-9C30-13480AEDB313}.Release|x86.Build.0 = Release|Any CPU
		{DF02A3D5-39AA-4CA6-8E00-9012929C2626}.Debug|Any CPU.ActiveCfg = Debug|Any CPU
		{DF02A3D5-39AA-4CA6-8E00-9012929C2626}.Debug|Any CPU.Build.0 = Debug|Any CPU
		{DF02A3D5-39AA-4CA6-8E00-9012929C2626}.Debug|x64.ActiveCfg = Debug|Any CPU
		{DF02A3D5-39AA-4CA6-8E00-9012929C2626}.Debug|x64.Build.0 = Debug|Any CPU
		{DF02A3D5-39AA-4CA6-8E00-9012929C2626}.Debug|x86.ActiveCfg = Debug|Any CPU
		{DF02A3D5-39AA-4CA6-8E00-9012929C2626}.Debug|x86.Build.0 = Debug|Any CPU
		{DF02A3D5-39AA-4CA6-8E00-9012929C2626}.Release|Any CPU.ActiveCfg = Release|Any CPU
		{DF02A3D5-39AA-4CA6-8E00-9012929C2626}.Release|Any CPU.Build.0 = Release|Any CPU
		{DF02A3D5-39AA-4CA6-8E00-9012929C2626}.Release|x64.ActiveCfg = Release|Any CPU
		{DF02A3D5-39AA-4CA6-8E00-9012929C2626}.Release|x64.Build.0 = Release|Any CPU
		{DF02A3D5-39AA-4CA6-8E00-9012929C2626}.Release|x86.ActiveCfg = Release|Any CPU
		{DF02A3D5-39AA-4CA6-8E00-9012929C2626}.Release|x86.Build.0 = Release|Any CPU
		{A8A70E6D-1D43-437F-9971-44A4FA1BDD74}.Debug|Any CPU.ActiveCfg = Debug|Any CPU
		{A8A70E6D-1D43-437F-9971-44A4FA1BDD74}.Debug|Any CPU.Build.0 = Debug|Any CPU
		{A8A70E6D-1D43-437F-9971-44A4FA1BDD74}.Debug|x64.ActiveCfg = Debug|Any CPU
		{A8A70E6D-1D43-437F-9971-44A4FA1BDD74}.Debug|x64.Build.0 = Debug|Any CPU
		{A8A70E6D-1D43-437F-9971-44A4FA1BDD74}.Debug|x86.ActiveCfg = Debug|Any CPU
		{A8A70E6D-1D43-437F-9971-44A4FA1BDD74}.Debug|x86.Build.0 = Debug|Any CPU
		{A8A70E6D-1D43-437F-9971-44A4FA1BDD74}.Release|Any CPU.ActiveCfg = Release|Any CPU
		{A8A70E6D-1D43-437F-9971-44A4FA1BDD74}.Release|Any CPU.Build.0 = Release|Any CPU
		{A8A70E6D-1D43-437F-9971-44A4FA1BDD74}.Release|x64.ActiveCfg = Release|Any CPU
		{A8A70E6D-1D43-437F-9971-44A4FA1BDD74}.Release|x64.Build.0 = Release|Any CPU
		{A8A70E6D-1D43-437F-9971-44A4FA1BDD74}.Release|x86.ActiveCfg = Release|Any CPU
		{A8A70E6D-1D43-437F-9971-44A4FA1BDD74}.Release|x86.Build.0 = Release|Any CPU
		{0858FE19-C59B-4A77-B76E-7053E8AFCC8D}.Debug|Any CPU.ActiveCfg = Debug|Any CPU
		{0858FE19-C59B-4A77-B76E-7053E8AFCC8D}.Debug|Any CPU.Build.0 = Debug|Any CPU
		{0858FE19-C59B-4A77-B76E-7053E8AFCC8D}.Debug|x64.ActiveCfg = Debug|Any CPU
		{0858FE19-C59B-4A77-B76E-7053E8AFCC8D}.Debug|x64.Build.0 = Debug|Any CPU
		{0858FE19-C59B-4A77-B76E-7053E8AFCC8D}.Debug|x86.ActiveCfg = Debug|Any CPU
		{0858FE19-C59B-4A77-B76E-7053E8AFCC8D}.Debug|x86.Build.0 = Debug|Any CPU
		{0858FE19-C59B-4A77-B76E-7053E8AFCC8D}.Release|Any CPU.ActiveCfg = Release|Any CPU
		{0858FE19-C59B-4A77-B76E-7053E8AFCC8D}.Release|Any CPU.Build.0 = Release|Any CPU
		{0858FE19-C59B-4A77-B76E-7053E8AFCC8D}.Release|x64.ActiveCfg = Release|Any CPU
		{0858FE19-C59B-4A77-B76E-7053E8AFCC8D}.Release|x64.Build.0 = Release|Any CPU
		{0858FE19-C59B-4A77-B76E-7053E8AFCC8D}.Release|x86.ActiveCfg = Release|Any CPU
		{0858FE19-C59B-4A77-B76E-7053E8AFCC8D}.Release|x86.Build.0 = Release|Any CPU
		{DE7723AF-848B-4756-9A3A-4EE1659783CE}.Debug|Any CPU.ActiveCfg = Debug|Any CPU
		{DE7723AF-848B-4756-9A3A-4EE1659783CE}.Debug|Any CPU.Build.0 = Debug|Any CPU
		{DE7723AF-848B-4756-9A3A-4EE1659783CE}.Debug|x64.ActiveCfg = Debug|Any CPU
		{DE7723AF-848B-4756-9A3A-4EE1659783CE}.Debug|x64.Build.0 = Debug|Any CPU
		{DE7723AF-848B-4756-9A3A-4EE1659783CE}.Debug|x86.ActiveCfg = Debug|Any CPU
		{DE7723AF-848B-4756-9A3A-4EE1659783CE}.Debug|x86.Build.0 = Debug|Any CPU
		{DE7723AF-848B-4756-9A3A-4EE1659783CE}.Release|Any CPU.ActiveCfg = Release|Any CPU
		{DE7723AF-848B-4756-9A3A-4EE1659783CE}.Release|Any CPU.Build.0 = Release|Any CPU
		{DE7723AF-848B-4756-9A3A-4EE1659783CE}.Release|x64.ActiveCfg = Release|Any CPU
		{DE7723AF-848B-4756-9A3A-4EE1659783CE}.Release|x64.Build.0 = Release|Any CPU
		{DE7723AF-848B-4756-9A3A-4EE1659783CE}.Release|x86.ActiveCfg = Release|Any CPU
		{DE7723AF-848B-4756-9A3A-4EE1659783CE}.Release|x86.Build.0 = Release|Any CPU
		{91E5EBF3-DEC2-4BDB-A20E-EFAAF022F404}.Debug|Any CPU.ActiveCfg = Debug|Any CPU
		{91E5EBF3-DEC2-4BDB-A20E-EFAAF022F404}.Debug|Any CPU.Build.0 = Debug|Any CPU
		{91E5EBF3-DEC2-4BDB-A20E-EFAAF022F404}.Debug|x64.ActiveCfg = Debug|Any CPU
		{91E5EBF3-DEC2-4BDB-A20E-EFAAF022F404}.Debug|x64.Build.0 = Debug|Any CPU
		{91E5EBF3-DEC2-4BDB-A20E-EFAAF022F404}.Debug|x86.ActiveCfg = Debug|Any CPU
		{91E5EBF3-DEC2-4BDB-A20E-EFAAF022F404}.Debug|x86.Build.0 = Debug|Any CPU
		{91E5EBF3-DEC2-4BDB-A20E-EFAAF022F404}.Release|Any CPU.ActiveCfg = Release|Any CPU
		{91E5EBF3-DEC2-4BDB-A20E-EFAAF022F404}.Release|Any CPU.Build.0 = Release|Any CPU
		{91E5EBF3-DEC2-4BDB-A20E-EFAAF022F404}.Release|x64.ActiveCfg = Release|Any CPU
		{91E5EBF3-DEC2-4BDB-A20E-EFAAF022F404}.Release|x64.Build.0 = Release|Any CPU
		{91E5EBF3-DEC2-4BDB-A20E-EFAAF022F404}.Release|x86.ActiveCfg = Release|Any CPU
		{91E5EBF3-DEC2-4BDB-A20E-EFAAF022F404}.Release|x86.Build.0 = Release|Any CPU
		{CA395494-F072-4A5B-9DD4-950530A69E0E}.Debug|Any CPU.ActiveCfg = Debug|Any CPU
		{CA395494-F072-4A5B-9DD4-950530A69E0E}.Debug|Any CPU.Build.0 = Debug|Any CPU
		{CA395494-F072-4A5B-9DD4-950530A69E0E}.Debug|x64.ActiveCfg = Debug|Any CPU
		{CA395494-F072-4A5B-9DD4-950530A69E0E}.Debug|x64.Build.0 = Debug|Any CPU
		{CA395494-F072-4A5B-9DD4-950530A69E0E}.Debug|x86.ActiveCfg = Debug|Any CPU
		{CA395494-F072-4A5B-9DD4-950530A69E0E}.Debug|x86.Build.0 = Debug|Any CPU
		{CA395494-F072-4A5B-9DD4-950530A69E0E}.Release|Any CPU.ActiveCfg = Release|Any CPU
		{CA395494-F072-4A5B-9DD4-950530A69E0E}.Release|Any CPU.Build.0 = Release|Any CPU
		{CA395494-F072-4A5B-9DD4-950530A69E0E}.Release|x64.ActiveCfg = Release|Any CPU
		{CA395494-F072-4A5B-9DD4-950530A69E0E}.Release|x64.Build.0 = Release|Any CPU
		{CA395494-F072-4A5B-9DD4-950530A69E0E}.Release|x86.ActiveCfg = Release|Any CPU
		{CA395494-F072-4A5B-9DD4-950530A69E0E}.Release|x86.Build.0 = Release|Any CPU
		{1AE87774-E914-40BC-95BA-56FB45D78C0D}.Debug|Any CPU.ActiveCfg = Debug|Any CPU
		{1AE87774-E914-40BC-95BA-56FB45D78C0D}.Debug|Any CPU.Build.0 = Debug|Any CPU
		{1AE87774-E914-40BC-95BA-56FB45D78C0D}.Debug|x64.ActiveCfg = Debug|Any CPU
		{1AE87774-E914-40BC-95BA-56FB45D78C0D}.Debug|x64.Build.0 = Debug|Any CPU
		{1AE87774-E914-40BC-95BA-56FB45D78C0D}.Debug|x86.ActiveCfg = Debug|Any CPU
		{1AE87774-E914-40BC-95BA-56FB45D78C0D}.Debug|x86.Build.0 = Debug|Any CPU
		{1AE87774-E914-40BC-95BA-56FB45D78C0D}.Release|Any CPU.ActiveCfg = Release|Any CPU
		{1AE87774-E914-40BC-95BA-56FB45D78C0D}.Release|Any CPU.Build.0 = Release|Any CPU
		{1AE87774-E914-40BC-95BA-56FB45D78C0D}.Release|x64.ActiveCfg = Release|Any CPU
		{1AE87774-E914-40BC-95BA-56FB45D78C0D}.Release|x64.Build.0 = Release|Any CPU
		{1AE87774-E914-40BC-95BA-56FB45D78C0D}.Release|x86.ActiveCfg = Release|Any CPU
		{1AE87774-E914-40BC-95BA-56FB45D78C0D}.Release|x86.Build.0 = Release|Any CPU
		{6AB2EA96-4A75-49DB-AC65-B247BBFAE9A3}.Debug|Any CPU.ActiveCfg = Debug|Any CPU
		{6AB2EA96-4A75-49DB-AC65-B247BBFAE9A3}.Debug|Any CPU.Build.0 = Debug|Any CPU
		{6AB2EA96-4A75-49DB-AC65-B247BBFAE9A3}.Debug|x64.ActiveCfg = Debug|Any CPU
		{6AB2EA96-4A75-49DB-AC65-B247BBFAE9A3}.Debug|x64.Build.0 = Debug|Any CPU
		{6AB2EA96-4A75-49DB-AC65-B247BBFAE9A3}.Debug|x86.ActiveCfg = Debug|Any CPU
		{6AB2EA96-4A75-49DB-AC65-B247BBFAE9A3}.Debug|x86.Build.0 = Debug|Any CPU
		{6AB2EA96-4A75-49DB-AC65-B247BBFAE9A3}.Release|Any CPU.ActiveCfg = Release|Any CPU
		{6AB2EA96-4A75-49DB-AC65-B247BBFAE9A3}.Release|Any CPU.Build.0 = Release|Any CPU
		{6AB2EA96-4A75-49DB-AC65-B247BBFAE9A3}.Release|x64.ActiveCfg = Release|Any CPU
		{6AB2EA96-4A75-49DB-AC65-B247BBFAE9A3}.Release|x64.Build.0 = Release|Any CPU
		{6AB2EA96-4A75-49DB-AC65-B247BBFAE9A3}.Release|x86.ActiveCfg = Release|Any CPU
		{6AB2EA96-4A75-49DB-AC65-B247BBFAE9A3}.Release|x86.Build.0 = Release|Any CPU
	EndGlobalSection
	GlobalSection(SolutionProperties) = preSolution
		HideSolutionNode = FALSE
	EndGlobalSection
	GlobalSection(NestedProjects) = preSolution
		{6A15D05D-A3F0-41C7-BCDC-A1A5390CD181} = {54B846BA-A27D-B76F-8730-402A5742FF43}
		{903D712A-27E0-4615-AB93-16083E5B3E3A} = {54B846BA-A27D-B76F-8730-402A5742FF43}
		{AD717205-C676-4DF9-8095-4583BA342515} = {54B846BA-A27D-B76F-8730-402A5742FF43}
		{707C273D-CCC9-4CF3-B234-F54B2AB3D178} = {54B846BA-A27D-B76F-8730-402A5742FF43}
		{DC406D52-3A4B-4632-AD67-462875C067D3} = {54B846BA-A27D-B76F-8730-402A5742FF43}
		{9DF737C9-6EE5-4255-85C9-65337350DFDD} = {54B846BA-A27D-B76F-8730-402A5742FF43}
		{7D4F4EC0-C221-4BC9-8F8C-77BD4A3D39AA} = {43BAF0A3-C050-BE83-B489-7FC6F9FDE235}
		{C1F8DBEE-EBA0-4C58-B7C1-F4BCC8E6674D} = {43BAF0A3-C050-BE83-B489-7FC6F9FDE235}
		{2B1441F1-4429-487C-9D0A-FC65B64BF43E} = {43BAF0A3-C050-BE83-B489-7FC6F9FDE235}
		{A7EC2050-FE5E-4BBD-AF5F-7F07D3688118} = {43BAF0A3-C050-BE83-B489-7FC6F9FDE235}
		{16FA9B36-CB2A-4B79-A3BE-937C94BF03F8} = {43BAF0A3-C050-BE83-B489-7FC6F9FDE235}
		{EA9A0385-249F-4141-AD03-D67649110A84} = {43BAF0A3-C050-BE83-B489-7FC6F9FDE235}
		{1B5BAB33-4256-400B-A4F8-F318418A3548} = {54B846BA-A27D-B76F-8730-402A5742FF43}
		{C0B4116E-0635-4597-971D-6B70229FA30A} = {5E63119C-E70B-5D45-ECC9-8CBACC584223}
		{9B303409-0052-45B9-8616-CC1ED80A5595} = {5E63119C-E70B-5D45-ECC9-8CBACC584223}
		{50CFDEC4-66C8-4330-8D5F-9D96A764378B} = {5E63119C-E70B-5D45-ECC9-8CBACC584223}
		{3522A6C5-6205-4C7D-B805-84847035A921} = {5E63119C-E70B-5D45-ECC9-8CBACC584223}
		{1EF92A45-C551-4B0F-9180-00E978DA499E} = {5E63119C-E70B-5D45-ECC9-8CBACC584223}
		{FC26C0FB-162E-4B4F-8561-9A688F4B42D2} = {5E63119C-E70B-5D45-ECC9-8CBACC584223}
		{D295DE84-3797-46B4-812E-E56FB629A341} = {5E63119C-E70B-5D45-ECC9-8CBACC584223}
		{1ACC151C-A655-472F-9177-996410A41665} = {5E63119C-E70B-5D45-ECC9-8CBACC584223}
		{5EB8D367-90CC-473F-8F89-B898D8F8BD43} = {C7F49633-8D5E-7E19-1580-A6459B2EAE66}
		{99B714F6-43FE-46F6-A9B3-B362B8B8F87D} = {C7F49633-8D5E-7E19-1580-A6459B2EAE66}
		{988EAF3A-7320-4630-AFDC-233AC33AAA65} = {C7F49633-8D5E-7E19-1580-A6459B2EAE66}
		{E23F2826-1857-4C3F-A90B-D4443DD84EFA} = {C7F49633-8D5E-7E19-1580-A6459B2EAE66}
		{D53426B7-469F-4FBB-9935-4AA3C303DE8D} = {5D20AA90-6969-D8BD-9DCD-8634F4692FDA}
		{4189D963-E5AA-4782-AD78-72FBA9536B59} = {5D20AA90-6969-D8BD-9DCD-8634F4692FDA}
		{0F990389-7C88-4C7A-99F8-60E5243216FF} = {5D20AA90-6969-D8BD-9DCD-8634F4692FDA}
		{7782890E-712E-4658-8BF2-0DC5794A87AC} = {5D20AA90-6969-D8BD-9DCD-8634F4692FDA}
		{B4D83D1B-D454-499D-9775-F1FA1F50A4C5} = {5D20AA90-6969-D8BD-9DCD-8634F4692FDA}
		{FFD87B38-0A7B-47AA-AD31-F76CB9ED15DB} = {5D20AA90-6969-D8BD-9DCD-8634F4692FDA}
		{8131E980-CA39-4BAD-9ADE-34E6597BD00F} = {5D20AA90-6969-D8BD-9DCD-8634F4692FDA}
		{C23F467D-B5F1-400D-9EEA-96E3F467BAB7} = {5D20AA90-6969-D8BD-9DCD-8634F4692FDA}
		{B03CA193-C175-FB88-B41C-CBBC0E037C7E} = {5D20AA90-6969-D8BD-9DCD-8634F4692FDA}
		{9FD2FBE2-7210-4977-94F6-4B30A5A2BEB7} = {B03CA193-C175-FB88-B41C-CBBC0E037C7E}
		{BE9AC443-C15D-4962-A8D2-0CCD328E6B68} = {C841F5C2-8F30-5BE9-ECA6-260644CF6F9F}
		{392C12C2-ECBA-4728-9D8D-54BD2E10F7ED} = {5E63119C-E70B-5D45-ECC9-8CBACC584223}
		{83E43658-7186-4E8B-AFD0-BDE5DB7BFB58} = {B03CA193-C175-FB88-B41C-CBBC0E037C7E}
		{4EB6CC28-7D1B-4E39-80F2-84CA4494AF23} = {048F5F03-6DDC-C04F-70D5-B8139DC8E373}
		{2FD305AC-927E-4D24-9FA6-923C30E4E4A8} = {048F5F03-6DDC-C04F-70D5-B8139DC8E373}
		{57572A45-33CD-4928-9C30-13480AEDB313} = {C7F49633-8D5E-7E19-1580-A6459B2EAE66}
		{DF02A3D5-39AA-4CA6-8E00-9012929C2626} = {43BAF0A3-C050-BE83-B489-7FC6F9FDE235}
		{A8A70E6D-1D43-437F-9971-44A4FA1BDD74} = {43BAF0A3-C050-BE83-B489-7FC6F9FDE235}
		{0858FE19-C59B-4A77-B76E-7053E8AFCC8D} = {43BAF0A3-C050-BE83-B489-7FC6F9FDE235}
		{DE7723AF-848B-4756-9A3A-4EE1659783CE} = {43BAF0A3-C050-BE83-B489-7FC6F9FDE235}
		{91E5EBF3-DEC2-4BDB-A20E-EFAAF022F404} = {43BAF0A3-C050-BE83-B489-7FC6F9FDE235}
		{CA395494-F072-4A5B-9DD4-950530A69E0E} = {43BAF0A3-C050-BE83-B489-7FC6F9FDE235}
		{1AE87774-E914-40BC-95BA-56FB45D78C0D} = {54B846BA-A27D-B76F-8730-402A5742FF43}
		{6AB2EA96-4A75-49DB-AC65-B247BBFAE9A3} = {54B846BA-A27D-B76F-8730-402A5742FF43}
	EndGlobalSection
	GlobalSection(ExtensibilityGlobals) = postSolution
		SolutionGuid = {53128A75-E7B6-4B83-B079-A309FCC2AD9C}
	EndGlobalSection
EndGlobal
